github.com/agnivade/levenshtein v1.2.1 h1:EHBY3UOn1gwdy/VbFwgo4cxecRznFk7fKWN1KOX7eoM=
github.com/agnivade/levenshtein v1.2.1/go.mod h1:QVVI16kDrtSuwcpd0p1+xMC6Z/VfhtCyDIjcwga4/DU=
github.com/vektah/gqlparser/v2 v2.5.27 h1:RHPD3JOplpk5mP5JGX8RKZkt2/Vwj/PZv0HxTdwFp0s=
github.com/vektah/gqlparser/v2 v2.5.27/go.mod h1:D1/VCZtV3LPnQrcPBeR/q5jkSQIPti0uYCP/RI0gIeo=
